
Microsoft Visual Studio Solution File, Format Version 12.00
# Visual Studio Version 17
VisualStudioVersion = 17.3.32819.101
MinimumVisualStudioVersion = 10.0.40219.1
Project("{FAE04EC0-301F-11D3-BF4B-00C04F79EFBC}") = "SuperHeroAPI", "SuperHeroAPI\SuperHeroAPI.csproj", "{676EBA4C-2201-4F63-A179-024FDDA56DBE}"
EndProject
Global
	GlobalSection(SolutionConfigurationPlatforms) = preSolution
		Debug|Any CPU = Debug|Any CPU
		Release|Any CPU = Release|Any CPU
	EndGlobalSection
	GlobalSection(ProjectConfigurationPlatforms) = postSolution
		{676EBA4C-2201-4F63-A179-024FDDA56DBE}.Debug|Any CPU.ActiveCfg = Debug|Any CPU
		{676EBA4C-2201-4F63-A179-024FDDA56DBE}.Debug|Any CPU.Build.0 = Debug|Any CPU
		{676EBA4C-2201-4F63-A179-024FDDA56DBE}.Release|Any CPU.ActiveCfg = Release|Any CPU
		{676EBA4C-2201-4F63-A179-024FDDA56DBE}.Release|Any CPU.Build.0 = Release|Any CPU
	EndGlobalSection
	GlobalSection(SolutionProperties) = preSolution
		HideSolutionNode = FALSE
	EndGlobalSection
	GlobalSection(ExtensibilityGlobals) = postSolution
		SolutionGuid = {4059443E-70C7-4BE6-993E-70F5829843AC}
	EndGlobalSection
EndGlobal
